
Microsoft Visual Studio Solution File, Format Version 12.00
# Visual Studio 14
VisualStudioVersion = 14.0.25123.0
MinimumVisualStudioVersion = 10.0.40219.1
Project("{FAE04EC0-301F-11D3-BF4B-00C04F79EFBC}") = "Petrolcalculator", "Petrolcalculator\Petrolcalculator.csproj", "{6FE51785-FD46-4B52-8B4F-BD821DFBBE74}"
EndProject
Project("{FAE04EC0-301F-11D3-BF4B-00C04F79EFBC}") = "Petrolcalculator.Core", "Petrolcalculator.Core\Petrolcalculator.Core.csproj", "{B7C274DF-693B-46CA-BDC5-F6B2EE18162C}"
EndProject
Global
	GlobalSection(SolutionConfigurationPlatforms) = preSolution
		Debug|Any CPU = Debug|Any CPU
		Release|Any CPU = Release|Any CPU
	EndGlobalSection
	GlobalSection(ProjectConfigurationPlatforms) = postSolution
		{6FE51785-FD46-4B52-8B4F-BD821DFBBE74}.Debug|Any CPU.ActiveCfg = Debug|Any CPU
		{6FE51785-FD46-4B52-8B4F-BD821DFBBE74}.Debug|Any CPU.Build.0 = Debug|Any CPU
		{6FE51785-FD46-4B52-8B4F-BD821DFBBE74}.Release|Any CPU.ActiveCfg = Release|Any CPU
		{6FE51785-FD46-4B52-8B4F-BD821DFBBE74}.Release|Any CPU.Build.0 = Release|Any CPU
		{B7C274DF-693B-46CA-BDC5-F6B2EE18162C}.Debug|Any CPU.ActiveCfg = Debug|Any CPU
		{B7C274DF-693B-46CA-BDC5-F6B2EE18162C}.Debug|Any CPU.Build.0 = Debug|Any CPU
		{B7C274DF-693B-46CA-BDC5-F6B2EE18162C}.Release|Any CPU.ActiveCfg = Release|Any CPU
		{B7C274DF-693B-46CA-BDC5-F6B2EE18162C}.Release|Any CPU.Build.0 = Release|Any CPU
	EndGlobalSection
	GlobalSection(SolutionProperties) = preSolution
		HideSolutionNode = FALSE
	EndGlobalSection
EndGlobal
